{
    "_meta": {
        "hash": {
            "sha256": "96faf0c30aa16a06b0ed80c101d72175cdbb45b844c3145c521e526e17ba8c93"
        },
        "pipfile-spec": 6,
        "requires": {
            "python_version": "3"
        },
        "sources": [
            {
                "name": "pypi",
                "url": "https://pypi.org/simple",
                "verify_ssl": true
            }
        ]
    },
    "default": {
        "chainer": {
            "hashes": [
                "sha256:409583cfda4a4fee0cf2fbacbfa73cf258eec6eef08db6cd2ac7cc1f08294168"
            ],
            "version": "==7.0.0"
        },
        "filelock": {
            "hashes": [
                "sha256:18d82244ee114f543149c66a6e0c14e9c4f8a1044b5cdaadd0f82159d6a6ff59",
                "sha256:929b7d63ec5b7d6b71b0fa5ac14e030b3f70b75747cef1b10da9b879fef15836"
            ],
            "version": "==3.0.12"
        },
        "hupper": {
            "hashes": [
                "sha256:3b1c2222ec7b8159e7ad059e4493c6cc634c86184af0bf2ce5aba6edd241cf5f",
                "sha256:5ab839f9428dd2d993092193ad0032f968eae007873916794c3856131b2df112"
            ],
            "version": "==1.9.1"
        },
        "jinja2": {
            "hashes": [
                "sha256:74320bb91f31270f9551d46522e33af46a80c3d619f4a4bf42b3164d30b5911f",
                "sha256:9fe95f19286cfefaa917656583d020be14e7859c6b0252588391e47db34527de"
            ],
            "version": "==2.10.3"
        },
        "markupsafe": {
            "hashes": [
                "sha256:00bc623926325b26bb9605ae9eae8a215691f33cae5df11ca5424f06f2d1f473",
                "sha256:09027a7803a62ca78792ad89403b1b7a73a01c8cb65909cd876f7fcebd79b161",
                "sha256:09c4b7f37d6c648cb13f9230d847adf22f8171b1ccc4d5682398e77f40309235",
                "sha256:1027c282dad077d0bae18be6794e6b6b8c91d58ed8a8d89a89d59693b9131db5",
                "sha256:24982cc2533820871eba85ba648cd53d8623687ff11cbb805be4ff7b4c971aff",
                "sha256:29872e92839765e546828bb7754a68c418d927cd064fd4708fab9fe9c8bb116b",
                "sha256:43a55c2930bbc139570ac2452adf3d70cdbb3cfe5912c71cdce1c2c6bbd9c5d1",
                "sha256:46c99d2de99945ec5cb54f23c8cd5689f6d7177305ebff350a58ce5f8de1669e",
                "sha256:500d4957e52ddc3351cabf489e79c91c17f6e0899158447047588650b5e69183",
                "sha256:535f6fc4d397c1563d08b88e485c3496cf5784e927af890fb3c3aac7f933ec66",
                "sha256:62fe6c95e3ec8a7fad637b7f3d372c15ec1caa01ab47926cfdf7a75b40e0eac1",
                "sha256:6dd73240d2af64df90aa7c4e7481e23825ea70af4b4922f8ede5b9e35f78a3b1",
                "sha256:717ba8fe3ae9cc0006d7c451f0bb265ee07739daf76355d06366154ee68d221e",
                "sha256:79855e1c5b8da654cf486b830bd42c06e8780cea587384cf6545b7d9ac013a0b",
                "sha256:7c1699dfe0cf8ff607dbdcc1e9b9af1755371f92a68f706051cc8c37d447c905",
                "sha256:88e5fcfb52ee7b911e8bb6d6aa2fd21fbecc674eadd44118a9cc3863f938e735",
                "sha256:8defac2f2ccd6805ebf65f5eeb132adcf2ab57aa11fdf4c0dd5169a004710e7d",
                "sha256:98c7086708b163d425c67c7a91bad6e466bb99d797aa64f965e9d25c12111a5e",
                "sha256:9add70b36c5666a2ed02b43b335fe19002ee5235efd4b8a89bfcf9005bebac0d",
                "sha256:9bf40443012702a1d2070043cb6291650a0841ece432556f784f004937f0f32c",
                "sha256:ade5e387d2ad0d7ebf59146cc00c8044acbd863725f887353a10df825fc8ae21",
                "sha256:b00c1de48212e4cc9603895652c5c410df699856a2853135b3967591e4beebc2",
                "sha256:b1282f8c00509d99fef04d8ba936b156d419be841854fe901d8ae224c59f0be5",
                "sha256:b2051432115498d3562c084a49bba65d97cf251f5a331c64a12ee7e04dacc51b",
                "sha256:ba59edeaa2fc6114428f1637ffff42da1e311e29382d81b339c1817d37ec93c6",
                "sha256:c8716a48d94b06bb3b2524c2b77e055fb313aeb4ea620c8dd03a105574ba704f",
                "sha256:cd5df75523866410809ca100dc9681e301e3c27567cf498077e8551b6d20e42f",
                "sha256:e249096428b3ae81b08327a63a485ad0878de3fb939049038579ac0ef61e17e7"
            ],
            "version": "==1.1.1"
        },
        "numpy": {
            "hashes": [
                "sha256:0a7a1dd123aecc9f0076934288ceed7fd9a81ba3919f11a855a7887cbe82a02f",
                "sha256:0c0763787133dfeec19904c22c7e358b231c87ba3206b211652f8cbe1241deb6",
                "sha256:3d52298d0be333583739f1aec9026f3b09fdfe3ddf7c7028cb16d9d2af1cca7e",
                "sha256:43bb4b70585f1c2d153e45323a886839f98af8bfa810f7014b20be714c37c447",
                "sha256:475963c5b9e116c38ad7347e154e5651d05a2286d86455671f5b1eebba5feb76",
                "sha256:64874913367f18eb3013b16123c9fed113962e75d809fca5b78ebfbb73ed93ba",
                "sha256:683828e50c339fc9e68720396f2de14253992c495fdddef77a1e17de55f1decc",
                "sha256:6ca4000c4a6f95a78c33c7dadbb9495c10880be9c89316aa536eac359ab820ae",
                "sha256:75fd817b7061f6378e4659dd792c84c0b60533e867f83e0d1e52d5d8e53df88c",
                "sha256:7d81d784bdbed30137aca242ab307f3e65c8d93f4c7b7d8f322110b2e90177f9",
                "sha256:8d0af8d3664f142414fd5b15cabfd3b6cc3ef242a3c7a7493257025be5a6955f",
                "sha256:9679831005fb16c6df3dd35d17aa31dc0d4d7573d84f0b44cc481490a65c7725",
                "sha256:a8f67ebfae9f575d85fa859b54d3bdecaeece74e3274b0b5c5f804d7ca789fe1",
                "sha256:acbf5c52db4adb366c064d0b7c7899e3e778d89db585feadd23b06b587d64761",
                "sha256:ada4805ed51f5bcaa3a06d3dd94939351869c095e30a2b54264f5a5004b52170",
                "sha256:c7354e8f0eca5c110b7e978034cd86ed98a7a5ffcf69ca97535445a595e07b8e",
                "sha256:e2e9d8c87120ba2c591f60e32736b82b67f72c37ba88a4c23c81b5b8fa49c018",
                "sha256:e467c57121fe1b78a8f68dd9255fbb3bb3f4f7547c6b9e109f31d14569f490c3",
                "sha256:ede47b98de79565fcd7f2decb475e2dcc85ee4097743e551fe26cfc7eb3ff143",
                "sha256:f58913e9227400f1395c7b800503ebfdb0772f1c33ff8cb4d6451c06cabdf316",
                "sha256:fe39f5fd4103ec4ca3cb8600b19216cd1ff316b4990f4c0b6057ad982c0a34d5"
            ],
            "version": "==1.17.4"
        },
        "pastedeploy": {
            "hashes": [
                "sha256:d423fb9d51fdcf853aa4ff43ac7ec469b643ea19590f67488122d6d0d772350a",
                "sha256:fe53697ec2754703096b75d0ba29112b0590b4ce46726fe4f9408fd006e4eefc"
            ],
            "version": "==2.0.1"
        },
        "plaster": {
            "hashes": [
                "sha256:215c921a438b5349931fd7df9a5a11a3572947f20f4bc6dd622ac08f1c3ba249",
                "sha256:8351c7c7efdf33084c1de88dd0f422cbe7342534537b553c49b857b12d98c8c3"
            ],
            "version": "==1.0"
        },
        "plaster-pastedeploy": {
            "hashes": [
                "sha256:391d93a4e1ff81fc3bae27508ebb765b61f1724ae6169f83577f06b6357be7fd",
                "sha256:7c8aa37c917b615c70bf942b24dc1e0455c49f62f1a2214b1a0dd98871644bbb"
            ],
            "version": "==0.7"
        },
        "player": {
            "hashes": [
                "sha256:a55bb34b73627c5a9164804a428de421b08ae4926cc5f5d78f6e72f96b82522f"
            ],
            "index": "pypi",
            "version": "==0.6.1"
        },
        "protobuf": {
            "hashes": [
                "sha256:0265379852b9e1f76af6d3d3fe4b3c383a595cc937594bda8565cf69a96baabd",
                "sha256:29bd1ed46b2536ad8959401a2f02d2d7b5a309f8e97518e4f92ca6c5ba74dbed",
                "sha256:3175d45698edb9a07c1a78a1a4850e674ce8988f20596580158b1d0921d0f057",
                "sha256:34a7270940f86da7a28be466ac541c89b6dbf144a6348b9cf7ac6f56b71006ce",
                "sha256:38cbc830a4a5ba9956763b0f37090bfd14dd74e72762be6225de2ceac55f4d03",
                "sha256:665194f5ad386511ac8d8a0bd57b9ab37b8dd2cd71969458777318e774b9cd46",
                "sha256:839bad7d115c77cdff29b488fae6a3ab503ce9a4192bd4c42302a6ea8e5d0f33",
                "sha256:934a9869a7f3b0d84eca460e386fba1f7ba2a0c1a120a2648bc41fadf50efd1c",
                "sha256:aecdf12ef6dc7fd91713a6da93a86c2f2a8fe54840a3b1670853a2b7402e77c9",
                "sha256:c4e90bc27c0691c76e09b5dc506133451e52caee1472b8b3c741b7c912ce43ef",
                "sha256:c65d135ea2d85d40309e268106dab02d3bea723db2db21c23ecad4163ced210b",
                "sha256:c98dea04a1ff41a70aff2489610f280004831798cb36a068013eed04c698903d",
                "sha256:d9049aa194378a426f0b2c784e2054565bf6f754d20fcafdee7102a6250556e8",
                "sha256:e028fee51c96de4e81924484c77111dfdea14010ecfc906ea5b252209b0c4de6",
                "sha256:e84ad26fb50091b1ea676403c0dd2bd47663099454aa6d88000b1dafecab0941",
                "sha256:e88a924b591b06d0191620e9c8aa75297b3111066bb09d49a24bae1054a10c13"
            ],
            "version": "==3.11.1"
        },
        "pymongo": {
            "hashes": [
                "sha256:09f8196e1cb081713aa3face08d1806dc0a5dd64cb9f67fefc568519253a7ff2",
                "sha256:1be549c0ce2ba8242c149156ae2064b12a5d4704448d49f630b4910606efd474",
                "sha256:1f9fe869e289210250cba4ea20fbd169905b1793e1cd2737f423e107061afa98",
                "sha256:3653cea82d1e35edd0a2355150daf8a27ebf12cf55182d5ad1046bfa288f5140",
                "sha256:4249c6ba45587b959292a727532826c5032d59171f923f7f823788f413c2a5a3",
                "sha256:4ff8f5e7c0a78983c1ee07894fff1b21c0e0ad3a122d9786cc3745fd60e4a2ce",
                "sha256:56b29c638ab924716b48a3e94e3d7ac00b04acec1daa8190c36d61fc714c3629",
                "sha256:56ec9358bbfe5ae3b25e785f8a14619d6799c855a44734c9098bb457174019bf",
                "sha256:5dca250cbf1183c3e7b7b18c882c2b2199bfb20c74c4c68dbf11596808a296da",
                "sha256:61101d1cc92881fac1f9ac7e99b033062f4c210178dc33193c8f5567feecb069",
                "sha256:86624c0205a403fb4fbfedef79c5b4ab27e21fd018fdb6a27cf03b3c32a9e2b9",
                "sha256:88ac09e1b197c3b4531e43054d49c022a3ea1281431b2f4980abafa35d2a5ce2",
                "sha256:8b0339809b12ea292d468524dd1777f1a9637d9bdc0353a9261b88f82537d606",
                "sha256:93dbf7388f6bf9af48dbb32f265b75b3dbc743a7a2ce98e44c88c049c58d85d3",
                "sha256:9b705daec636c560dd2d63935f428a6b3cddfe903fffc0f349e0e91007c893d6",
                "sha256:a090a819fe6fefadc2901d3911c07c76c0935ec5c790a50e9f3c3c47bacd5978",
                "sha256:a102b346f1921237eaa9a31ee89eda57ad3c3973d79be3a456d92524e7df8fec",
                "sha256:a13363869f2f36291d6367069c65d51d7b8d1b2fb410266b0b6b1f3c90d6deb0",
                "sha256:a409a43c76da50881b70cc9ee70a1744f882848e8e93a68fb434254379777fa3",
                "sha256:a76475834a978058425b0163f1bad35a5f70e45929a543075633c3fc1df564c5",
                "sha256:ad474e93525baa6c58d75d63a73143af24c9f93c8e26e8d382f32c4da637901a",
                "sha256:b268c7fa03ac77a8662fab3b2ab0be4beecb82f60f4c24b584e69565691a107f",
                "sha256:cca4e1ab5ba0cd7877d3938167ee8ae9c2986cc0e10d3dcc3243d664d3a83fec",
                "sha256:cef61de3f0f4441ec40266ff2ab42e5c16eaba1dc1fc6e1036f274621c52adc1",
                "sha256:e28153b5d5ca33d4ba0c3bbc0e1ff161b9016e5e5f3f8ca10d6fa49106eb9e04",
                "sha256:f30d7b37804daf0bab1143abc71666c630d7e270f5c14c5a7c300a6699c21108",
                "sha256:f70f0133301cccf9bfd68fd20f67184ef991be578b646e78441106f9e27cc44d",
                "sha256:fa75c21c1d82f20cce62f6fc4a68c2b0f33572ab406df1b17cd77a947d0b2993"
            ],
            "version": "==3.9.0"
        },
        "pypandoc": {
            "hashes": [
                "sha256:e914e6d5f84a76764887e4d909b09d63308725f0cbb5293872c2c92f07c11a5b"
            ],
            "version": "==1.4"
        },
        "pyramid": {
            "hashes": [
                "sha256:51bf64647345237c00d2fe558935e0e4938c156e29f17e203457fd8e1d757dc7",
                "sha256:d80ccb8cfa550139b50801591d4ca8a5575334adb493c402fce2312f55d07d66"
            ],
            "version": "==1.10.4"
        },
        "pyramid-jinja2": {
            "hashes": [
                "sha256:81e0615cb3108f2a251ff3141ad0d698a5d03685819f3a836ea84787e8489502",
                "sha256:c7ce77a2ec5cfb7b29c9eabec9e5c167698d13adb2524c0c47cc6fe6a0a09ab1"
            ],
            "version": "==2.8"
        },
        "python-dateutil": {
            "hashes": [
                "sha256:73ebfe9dbf22e832286dafa60473e4cd239f8592f699aa5adaf10050e6e1823c",
                "sha256:75bb3f31ea686f1197762692a9ee6a7550b59fc6ca3a1f4b5d7e32fb98e2da2a"
            ],
            "version": "==2.8.1"
        },
        "pytz": {
            "hashes": [
                "sha256:1c557d7d0e871de1f5ccd5833f60fb2550652da6be2693c1e02300743d21500d",
                "sha256:b02c06db6cf09c12dd25137e563b31700d3b80fcc4ad23abb7a315f2789819be"
            ],
            "version": "==2019.3"
        },
        "pyzmq": {
            "hashes": [
                "sha256:01b588911714a6696283de3904f564c550c9e12e8b4995e173f1011755e01086",
                "sha256:0573b9790aa26faff33fba40f25763657271d26f64bffb55a957a3d4165d6098",
                "sha256:0fa82b9fc3334478be95a5566f35f23109f763d1669bb762e3871a8fa2a4a037",
                "sha256:1e59b7b19396f26e360f41411a5d4603356d18871049cd7790f1a7d18f65fb2c",
                "sha256:2a294b4f44201bb21acc2c1a17ff87fbe57b82060b10ddb00ac03e57f3d7fcfa",
                "sha256:355b38d7dd6f884b8ee9771f59036bcd178d98539680c4f87e7ceb2c6fd057b6",
                "sha256:4b73d20aec63933bbda7957e30add233289d86d92a0bb9feb3f4746376f33527",
                "sha256:4ec47f2b50bdb97df58f1697470e5c58c3c5109289a623e30baf293481ff0166",
                "sha256:5541dc8cad3a8486d58bbed076cb113b65b5dd6b91eb94fb3e38a3d1d3022f20",
                "sha256:6fca7d11310430e751f9832257866a122edf9d7b635305c5d8c51f74a5174d3d",
                "sha256:7369656f89878455a5bcd5d56ca961884f5d096268f71c0750fc33d6732a25e5",
                "sha256:75d73ee7ca4b289a2a2dfe0e6bd8f854979fc13b3fe4ebc19381be3b04e37a4a",
                "sha256:80c928d5adcfa12346b08d31360988d843b54b94154575cccd628f1fe91446bc",
                "sha256:83ce18b133dc7e6789f64cb994e7376c5aa6b4aeced993048bf1d7f9a0fe6d3a",
                "sha256:8b8498ceee33a7023deb2f3db907ca41d6940321e282297327a9be41e3983792",
                "sha256:8c69a6cbfa94da29a34f6b16193e7c15f5d3220cb772d6d17425ff3faa063a6d",
                "sha256:8ff946b20d13a99dc5c21cb76f4b8b253eeddf3eceab4218df8825b0c65ab23d",
                "sha256:972d723a36ab6a60b7806faa5c18aa3c080b7d046c407e816a1d8673989e2485",
                "sha256:a6c9c42bbdba3f9c73aedbb7671815af1943ae8073e532c2b66efb72f39f4165",
                "sha256:aa3872f2ebfc5f9692ef8957fe69abe92d905a029c0608e45ebfcd451ad30ab5",
                "sha256:cf08435b14684f7f2ca2df32c9df38a79cdc17c20dc461927789216cb43d8363",
                "sha256:d30db4566177a6205ed1badb8dbbac3c043e91b12a2db5ef9171b318c5641b75",
                "sha256:d5ac84f38575a601ab20c1878818ffe0d09eb51d6cb8511b636da46d0fd8949a",
                "sha256:e37f22eb4bfbf69cd462c7000616e03b0cdc1b65f2d99334acad36ea0e4ddf6b",
                "sha256:e6549dd80de7b23b637f586217a4280facd14ac01e9410a037a13854a6977299",
                "sha256:ed6205ca0de035f252baa0fd26fdd2bc8a8f633f92f89ca866fd423ff26c6f25",
                "sha256:efdde21febb9b5d7a8e0b87ea2549d7e00fda1936459cfb27fb6fca0c36af6c1",
                "sha256:f4e72646bfe79ff3adbf1314906bbd2d67ef9ccc71a3a98b8b2ccbcca0ab7bec"
            ],
            "version": "==18.1.1"
        },
        "room": {
            "hashes": [
                "sha256:ac12e4a5e2bf5eabaa3413c28f714ea333af45df951fdcd1df0b136724083dfc"
            ],
            "index": "pypi",
            "version": "==0.1.11"
        },
        "six": {
            "hashes": [
                "sha256:1f1b7d42e254082a9db6279deae68afb421ceba6158efa6131de7b3003ee93fd",
                "sha256:30f610279e8b2578cab6db20741130331735c781b56053c59c4076da27f06b66"
            ],
            "version": "==1.13.0"
        },
        "tornado": {
            "hashes": [
                "sha256:349884248c36801afa19e342a77cc4458caca694b0eda633f5878e458a44cb2c",
                "sha256:398e0d35e086ba38a0427c3b37f4337327231942e731edaa6e9fd1865bbd6f60",
                "sha256:4e73ef678b1a859f0cb29e1d895526a20ea64b5ffd510a2307b5998c7df24281",
                "sha256:559bce3d31484b665259f50cd94c5c28b961b09315ccd838f284687245f416e5",
                "sha256:abbe53a39734ef4aba061fca54e30c6b4639d3e1f59653f0da37a0003de148c7",
                "sha256:c845db36ba616912074c5b1ee897f8e0124df269468f25e4fe21fe72f6edd7a9",
                "sha256:c9399267c926a4e7c418baa5cbe91c7d1cf362d505a1ef898fde44a07c9dd8a5"
            ],
            "version": "==6.0.3"
        },
        "translationstring": {
            "hashes": [
                "sha256:4ee44cfa58c52ade8910ea0ebc3d2d84bdcad9fa0422405b1801ec9b9a65b72d",
                "sha256:e26c7bf383413234ed442e0980a2ebe192b95e3745288a8fd2805156d27515b4"
            ],
            "version": "==1.3"
        },
        "typing-extensions": {
            "hashes": [
                "sha256:091ecc894d5e908ac75209f10d5b4f118fbdb2eb1ede6a63544054bb1edb41f2",
                "sha256:910f4656f54de5993ad9304959ce9bb903f90aadc7c67a0bef07e678014e892d",
                "sha256:cf8b63fedea4d89bab840ecbb93e75578af28f76f66c35889bd7065f5af88575"
            ],
            "version": "==3.7.4.1"
        },
        "venusian": {
            "hashes": [
                "sha256:06e7385786ad3a15c70740b2af8d30dfb063a946a851dcb4159f9e2a2302578f",
                "sha256:f6842b7242b1039c0c28f6feef29016e7e7dd3caaeb476a193acf737db31ee38"
            ],
            "version": "==3.0.0"
        },
        "webob": {
            "hashes": [
                "sha256:05aaab7975e0ee8af2026325d656e5ce14a71f1883c52276181821d6d5bf7086",
                "sha256:36db8203c67023d68c1b00208a7bf55e3b10de2aa317555740add29c619de12b"
            ],
            "version": "==1.8.5"
        },
        "wheel": {
            "hashes": [
                "sha256:10c9da68765315ed98850f8e048347c3eb06dd81822dc2ab1d4fde9dc9702646",
                "sha256:f4da1763d3becf2e2cd92a14a7c920f0f00eca30fdde9ea992c836685b9faf28"
            ],
            "version": "==0.33.6"
        },
        "zope.deprecation": {
            "hashes": [
                "sha256:0d453338f04bacf91bbfba545d8bcdf529aa829e67b705eac8c1a7fdce66e2df",
                "sha256:f1480b74995958b24ce37b0ef04d3663d2683e5d6debc96726eff18acf4ea113"
            ],
            "version": "==4.4.0"
        },
        "zope.interface": {
            "hashes": [
                "sha256:048b16ac882a05bc7ef534e8b9f15c9d7a6c190e24e8938a19b7617af4ed854a",
                "sha256:05816cf8e7407cf62f2ec95c0a5d69ec4fa5741d9ccd10db9f21691916a9a098",
                "sha256:065d6a1ac89d35445168813bed45048ed4e67a4cdfc5a68fdb626a770378869f",
                "sha256:14157421f4121a57625002cc4f48ac7521ea238d697c4a4459a884b62132b977",
                "sha256:18dc895945694f397a0be86be760ff664b790f95d8e7752d5bab80284ff9105d",
                "sha256:1962c9f838bd6ae4075d0014f72697510daefc7e1c7e48b2607df0b6e157989c",
                "sha256:1a67408cacd198c7e6274a19920bb4568d56459e659e23c4915528686ac1763a",
                "sha256:21bf781076dd616bd07cf0223f79d61ab4f45176076f90bc2890e18c48195da4",
                "sha256:21c0a5d98650aebb84efa16ce2c8df1a46bdc4fe8a9e33237d0ca0b23f416ead",
                "sha256:23cfeea25d1e42ff3bf4f9a0c31e9d5950aa9e7c4b12f0c4bd086f378f7b7a71",
                "sha256:24b6fce1fb71abf9f4093e3259084efcc0ef479f89356757780685bd2b06ef37",
                "sha256:24f84ce24eb6b5fcdcb38ad9761524f1ae96f7126abb5e597f8a3973d9921409",
                "sha256:25e0ef4a824017809d6d8b0ce4ab3288594ba283e4d4f94d8cfb81d73ed65114",
                "sha256:2e8fdd625e9aba31228e7ddbc36bad5c38dc3ee99a86aa420f89a290bd987ce9",
                "sha256:2f3bc2f49b67b1bea82b942d25bc958d4f4ea6709b411cb2b6b9718adf7914ce",
                "sha256:35d24be9d04d50da3a6f4d61de028c1dd087045385a0ff374d93ef85af61b584",
                "sha256:35dbe4e8c73003dff40dfaeb15902910a4360699375e7b47d3c909a83ff27cd0",
                "sha256:3dfce831b824ab5cf446ed0c350b793ac6fa5fe33b984305cb4c966a86a8fb79",
                "sha256:3f7866365df5a36a7b8de8056cd1c605648f56f9a226d918ed84c85d25e8d55f",
                "sha256:455cc8c01de3bac6f9c223967cea41f4449f58b4c2e724ec8177382ddd183ab4",
                "sha256:4bb937e998be9d5e345f486693e477ba79e4344674484001a0b646be1d530487",
                "sha256:52303a20902ca0888dfb83230ca3ee6fbe63c0ad1dd60aa0bba7958ccff454d8",
                "sha256:6e0a897d4e09859cc80c6a16a29697406ead752292ace17f1805126a4f63c838",
                "sha256:6e1816e7c10966330d77af45f77501f9a68818c065dec0ad11d22b50a0e212e7",
                "sha256:73b5921c5c6ce3358c836461b5470bf675601c96d5e5d8f2a446951470614f67",
                "sha256:8093cd45cdb5f6c8591cfd1af03d32b32965b0f79b94684cd0c9afdf841982bb",
                "sha256:864b4a94b60db301899cf373579fd9ef92edddbf0fb2cd5ae99f53ef423ccc56",
                "sha256:8a27b4d3ea9c6d086ce8e7cdb3e8d319b6752e2a03238a388ccc83ccbe165f50",
                "sha256:91b847969d4784abd855165a2d163f72ac1e58e6dce09a5e46c20e58f19cc96d",
                "sha256:b47b1028be4758c3167e474884ccc079b94835f058984b15c145966c4df64d27",
                "sha256:b68814a322835d8ad671b7acc23a3b2acecba527bb14f4b53fc925f8a27e44d8",
                "sha256:bcb50a032c3b6ec7fb281b3a83d2b31ab5246c5b119588725b1350d3a1d9f6a3",
                "sha256:c56db7d10b25ce8918b6aec6b08ac401842b47e6c136773bfb3b590753f7fb67",
                "sha256:c94b77a13d4f47883e4f97f9fa00f5feadd38af3e6b3c7be45cfdb0a14c7149b",
                "sha256:db381f6fdaef483ad435f778086ccc4890120aff8df2ba5cfeeac24d280b3145",
                "sha256:e6487d01c8b7ed86af30ea141fcc4f93f8a7dde26f94177c1ad637c353bd5c07",
                "sha256:e86923fa728dfba39c5bb6046a450bd4eec8ad949ac404eca728cfce320d1732",
                "sha256:f6ca36dc1e9eeb46d779869c60001b3065fb670b5775c51421c099ea2a77c3c9",
                "sha256:fb62f2cbe790a50d95593fb40e8cca261c31a2f5637455ea39440d6457c2ba25"
            ],
            "version": "==4.7.1"
        }
    },
    "develop": {}
}
